
Microsoft Visual Studio Solution File, Format Version 12.00
# Visual Studio Version 16
VisualStudioVersion = 16.0.30011.22
MinimumVisualStudioVersion = 10.0.40219.1
Project("{FAE04EC0-301F-11D3-BF4B-00C04F79EFBC}") = "CrmApp", "CrmApp\CrmApp.csproj", "{26037D22-E9F6-4D61-819E-512ACB6879FB}"
EndProject
Global
	GlobalSection(SolutionConfigurationPlatforms) = preSolution
		Debug|Any CPU = Debug|Any CPU
		Release|Any CPU = Release|Any CPU
	EndGlobalSection
	GlobalSection(ProjectConfigurationPlatforms) = postSolution
		{26037D22-E9F6-4D61-819E-512ACB6879FB}.Debug|Any CPU.ActiveCfg = Debug|Any CPU
		{26037D22-E9F6-4D61-819E-512ACB6879FB}.Debug|Any CPU.Build.0 = Debug|Any CPU
		{26037D22-E9F6-4D61-819E-512ACB6879FB}.Release|Any CPU.ActiveCfg = Release|Any CPU
		{26037D22-E9F6-4D61-819E-512ACB6879FB}.Release|Any CPU.Build.0 = Release|Any CPU
	EndGlobalSection
	GlobalSection(SolutionProperties) = preSolution
		HideSolutionNode = FALSE
	EndGlobalSection
	GlobalSection(ExtensibilityGlobals) = postSolution
		SolutionGuid = {98BD046A-3E2A-4543-A0DE-6E63FE6A081B}
	EndGlobalSection
EndGlobal
